{
  "version": 4,
  "terraform_version": "1.10.2",
  "serial": 48,
  "lineage": "a259f33b-7bef-74f3-deab-42e6438364f8",
  "outputs": {
    "nginx_container_id": {
      "value": "a511a3a6170f00f0c7293f9ff335d05f18155e3027f615b646b95c71a0585f5a",
      "type": "string"
    },
    "nginx_container_name": {
      "value": "nginx_server_3",
      "type": "string"
    },
    "nginx_image_id": {
      "value": "nginx:latest",
      "type": "string"
    }
  },
  "resources": [
    {
      "mode": "managed",
      "type": "docker_container",
      "name": "nginx",
      "provider": "provider[\"registry.terraform.io/calxus/docker\"]",
      "instances": [
        {
          "schema_version": 2,
          "attributes": {
            "attach": false,
            "bridge": "",
            "capabilities": [],
            "command": [
              "nginx",
              "-g",
              "daemon off;"
            ],
            "container_logs": null,
            "cpu_set": "",
            "cpu_shares": 0,
            "destroy_grace_seconds": null,
            "devices": [],
            "dns": null,
            "dns_opts": null,
            "dns_search": null,
            "domainname": "",
            "entrypoint": [
              "/docker-entrypoint.sh"
            ],
            "env": [],
            "exit_code": null,
            "gateway": "172.18.0.1",
            "group_add": null,
            "healthcheck": null,
            "host": [],
            "hostname": "a511a3a6170f",
            "id": "a511a3a6170f00f0c7293f9ff335d05f18155e3027f615b646b95c71a0585f5a",
            "image": "sha256:f876bfc1cc63d905bb9c8ebc5adc98375bb8e22920959719d1a96e8f594868fa",
            "init": false,
            "ip_address": "172.18.0.2",
            "ip_prefix_length": 16,
            "ipc_mode": "private",
            "labels": [],
            "links": null,
            "log_driver": "json-file",
            "log_opts": null,
            "logs": false,
            "max_retry_count": 0,
            "memory": 0,
            "memory_swap": 0,
            "mounts": [],
            "must_run": true,
            "name": "nginx_server_3",
            "network_alias": null,
            "network_data": [
              {
                "gateway": "172.18.0.1",
                "global_ipv6_address": "",
                "global_ipv6_prefix_length": 0,
                "ip_address": "172.18.0.2",
                "ip_prefix_length": 16,
                "ipv6_gateway": "",
                "network_name": "nginx_network"
              }
            ],
            "network_mode": "bridge",
            "networks": null,
            "networks_advanced": [
              {
                "aliases": [],
                "ipv4_address": "",
                "ipv6_address": "",
                "name": "nginx_network"
              }
            ],
            "pid_mode": "",
            "ports": [
              {
                "external": 8081,
                "internal": 80,
                "ip": "0.0.0.0",
                "protocol": "tcp"
              }
            ],
            "privileged": false,
            "publish_all_ports": false,
            "read_only": false,
            "remove_volumes": true,
            "restart": "unless-stopped",
            "rm": false,
            "security_opts": [],
            "shm_size": 64,
            "start": true,
            "stdin_open": false,
            "storage_opts": null,
            "sysctls": null,
            "tmpfs": null,
            "tty": false,
            "ulimit": [],
            "upload": [],
            "user": "",
            "userns_mode": "",
            "volumes": [],
            "working_dir": ""
          },
          "sensitive_attributes": [],
          "private": "eyJzY2hlbWFfdmVyc2lvbiI6IjIifQ==",
          "dependencies": [
            "docker_network.nginx_network"
          ]
        }
      ]
    },
    {
      "mode": "managed",
      "type": "docker_network",
      "name": "nginx_network",
      "provider": "provider[\"registry.terraform.io/calxus/docker\"]",
      "instances": [
        {
          "schema_version": 1,
          "attributes": {
            "attachable": false,
            "check_duplicate": null,
            "driver": "bridge",
            "id": "f3afbc9fee58ce917d1228b8d243801115fd9f5b3b93ab685e3432d71946644a",
            "ingress": false,
            "internal": false,
            "ipam_config": [
              {
                "aux_address": {},
                "gateway": "172.18.0.1",
                "ip_range": "",
                "subnet": "172.18.0.0/16"
              }
            ],
            "ipam_driver": "default",
            "ipv6": false,
            "labels": [],
            "name": "nginx_network",
            "options": {},
            "scope": "local"
          },
          "sensitive_attributes": [],
          "private": "eyJzY2hlbWFfdmVyc2lvbiI6IjEifQ=="
        }
      ]
    }
  ],
  "check_results": null
}
